// !$*UTF8*$!
{
	archiveVersion = 1;
	classes = {
	};
	objectVersion = 46;
	objects = {

/* Begin PBXBuildFile section */
		4FCE83E91B65771900F4C70C /* MPCManager.swift in Sources */ = {isa = PBXBuildFile; fileRef = 4FCE83E81B65771900F4C70C /* MPCManager.swift */; };
		4FCE83EB1B65772700F4C70C /* MPCManagerDelegate.swift in Sources */ = {isa = PBXBuildFile; fileRef = 4FCE83EA1B65772700F4C70C /* MPCManagerDelegate.swift */; };
		4FCE83ED1B657DAF00F4C70C /* HealthData.swift in Sources */ = {isa = PBXBuildFile; fileRef = 4FCE83EC1B657DAF00F4C70C /* HealthData.swift */; };
		4FCE83F11B65A7F400F4C70C /* JSONService.swift in Sources */ = {isa = PBXBuildFile; fileRef = 4FCE83F01B65A7F400F4C70C /* JSONService.swift */; };
		4FCE83F31B6813ED00F4C70C /* HealthDAO.swift in Sources */ = {isa = PBXBuildFile; fileRef = 4FCE83F21B6813ED00F4C70C /* HealthDAO.swift */; };
		6EEED33EB4B2C0581789CC87 /* Pods_Flink.framework in Frameworks */ = {isa = PBXBuildFile; fileRef = C2ED6AB2EFC9C9C4E2FB3C93 /* Pods_Flink.framework */; settings = {ATTRIBUTES = (Weak, ); }; };
		7517D7941B656F0E0053C72B /* User.swift in Sources */ = {isa = PBXBuildFile; fileRef = 7517D7931B656F0E0053C72B /* User.swift */; };
		7517D7981B6573480053C72B /* UserDAO.swift in Sources */ = {isa = PBXBuildFile; fileRef = 7517D7971B6573480053C72B /* UserDAO.swift */; };
		75424F911B654FE000D34C6C /* AppDelegate.swift in Sources */ = {isa = PBXBuildFile; fileRef = 75424F901B654FE000D34C6C /* AppDelegate.swift */; };
		75424F931B654FE000D34C6C /* RegistrationController.swift in Sources */ = {isa = PBXBuildFile; fileRef = 75424F921B654FE000D34C6C /* RegistrationController.swift */; };
		75424F961B654FE000D34C6C /* Main.storyboard in Resources */ = {isa = PBXBuildFile; fileRef = 75424F941B654FE000D34C6C /* Main.storyboard */; };
		75424F981B654FE000D34C6C /* Images.xcassets in Resources */ = {isa = PBXBuildFile; fileRef = 75424F971B654FE000D34C6C /* Images.xcassets */; };
		75424F9B1B654FE000D34C6C /* LaunchScreen.xib in Resources */ = {isa = PBXBuildFile; fileRef = 75424F991B654FE000D34C6C /* LaunchScreen.xib */; };
		75424FA71B654FE000D34C6C /* FlinkTests.swift in Sources */ = {isa = PBXBuildFile; fileRef = 75424FA61B654FE000D34C6C /* FlinkTests.swift */; };
		754CE03B1B65CEEC00652E8F /* StudentsController.swift in Sources */ = {isa = PBXBuildFile; fileRef = 754CE03A1B65CEEC00652E8F /* StudentsController.swift */; };
		754CE03D1B65D69A00652E8F /* ShareController.swift in Sources */ = {isa = PBXBuildFile; fileRef = 754CE03C1B65D69A00652E8F /* ShareController.swift */; };
		7586849B1B65508B0059C418 /* Facade.swift in Sources */ = {isa = PBXBuildFile; fileRef = 7586849A1B65508B0059C418 /* Facade.swift */; };
		7586849D1B6553990059C418 /* TrainerUserController.swift in Sources */ = {isa = PBXBuildFile; fileRef = 7586849C1B6553990059C418 /* TrainerUserController.swift */; };
/* End PBXBuildFile section */

/* Begin PBXContainerItemProxy section */
		75424FA11B654FE000D34C6C /* PBXContainerItemProxy */ = {
			isa = PBXContainerItemProxy;
			containerPortal = 75424F831B654FDF00D34C6C /* Project object */;
			proxyType = 1;
			remoteGlobalIDString = 75424F8A1B654FDF00D34C6C;
			remoteInfo = Flink;
		};
/* End PBXContainerItemProxy section */

/* Begin PBXFileReference section */
		4FCE83E81B65771900F4C70C /* MPCManager.swift */ = {isa = PBXFileReference; fileEncoding = 4; lastKnownFileType = sourcecode.swift; path = MPCManager.swift; sourceTree = "<group>"; };
		4FCE83EA1B65772700F4C70C /* MPCManagerDelegate.swift */ = {isa = PBXFileReference; fileEncoding = 4; lastKnownFileType = sourcecode.swift; path = MPCManagerDelegate.swift; sourceTree = "<group>"; };
		4FCE83EC1B657DAF00F4C70C /* HealthData.swift */ = {isa = PBXFileReference; fileEncoding = 4; lastKnownFileType = sourcecode.swift; path = HealthData.swift; sourceTree = "<group>"; };
		4FCE83F01B65A7F400F4C70C /* JSONService.swift */ = {isa = PBXFileReference; fileEncoding = 4; lastKnownFileType = sourcecode.swift; path = JSONService.swift; sourceTree = "<group>"; };
		4FCE83F21B6813ED00F4C70C /* HealthDAO.swift */ = {isa = PBXFileReference; fileEncoding = 4; lastKnownFileType = sourcecode.swift; path = HealthDAO.swift; sourceTree = "<group>"; };
		7517D7931B656F0E0053C72B /* User.swift */ = {isa = PBXFileReference; fileEncoding = 4; lastKnownFileType = sourcecode.swift; path = User.swift; sourceTree = "<group>"; };
		7517D7971B6573480053C72B /* UserDAO.swift */ = {isa = PBXFileReference; fileEncoding = 4; lastKnownFileType = sourcecode.swift; path = UserDAO.swift; sourceTree = "<group>"; };
		75424F8B1B654FDF00D34C6C /* Flink.app */ = {isa = PBXFileReference; explicitFileType = wrapper.application; includeInIndex = 0; path = Flink.app; sourceTree = BUILT_PRODUCTS_DIR; };
		75424F8F1B654FE000D34C6C /* Info.plist */ = {isa = PBXFileReference; lastKnownFileType = text.plist.xml; path = Info.plist; sourceTree = "<group>"; };
		75424F901B654FE000D34C6C /* AppDelegate.swift */ = {isa = PBXFileReference; lastKnownFileType = sourcecode.swift; path = AppDelegate.swift; sourceTree = "<group>"; };
		75424F921B654FE000D34C6C /* RegistrationController.swift */ = {isa = PBXFileReference; lastKnownFileType = sourcecode.swift; path = RegistrationController.swift; sourceTree = "<group>"; };
		75424F951B654FE000D34C6C /* Base */ = {isa = PBXFileReference; lastKnownFileType = file.storyboard; name = Base; path = Base.lproj/Main.storyboard; sourceTree = "<group>"; };
		75424F971B654FE000D34C6C /* Images.xcassets */ = {isa = PBXFileReference; lastKnownFileType = folder.assetcatalog; path = Images.xcassets; sourceTree = "<group>"; };
		75424F9A1B654FE000D34C6C /* Base */ = {isa = PBXFileReference; lastKnownFileType = file.xib; name = Base; path = Base.lproj/LaunchScreen.xib; sourceTree = "<group>"; };
		75424FA01B654FE000D34C6C /* FlinkTests.xctest */ = {isa = PBXFileReference; explicitFileType = wrapper.cfbundle; includeInIndex = 0; path = FlinkTests.xctest; sourceTree = BUILT_PRODUCTS_DIR; };
		75424FA51B654FE000D34C6C /* Info.plist */ = {isa = PBXFileReference; lastKnownFileType = text.plist.xml; path = Info.plist; sourceTree = "<group>"; };
		75424FA61B654FE000D34C6C /* FlinkTests.swift */ = {isa = PBXFileReference; lastKnownFileType = sourcecode.swift; path = FlinkTests.swift; sourceTree = "<group>"; };
		754CE03A1B65CEEC00652E8F /* StudentsController.swift */ = {isa = PBXFileReference; fileEncoding = 4; lastKnownFileType = sourcecode.swift; path = StudentsController.swift; sourceTree = "<group>"; };
		754CE03C1B65D69A00652E8F /* ShareController.swift */ = {isa = PBXFileReference; fileEncoding = 4; lastKnownFileType = sourcecode.swift; path = ShareController.swift; sourceTree = "<group>"; };
		7586849A1B65508B0059C418 /* Facade.swift */ = {isa = PBXFileReference; fileEncoding = 4; lastKnownFileType = sourcecode.swift; path = Facade.swift; sourceTree = "<group>"; };
		7586849C1B6553990059C418 /* TrainerUserController.swift */ = {isa = PBXFileReference; fileEncoding = 4; lastKnownFileType = sourcecode.swift; path = TrainerUserController.swift; sourceTree = "<group>"; };
		AB2B368507838C8F2B0AFDDD /* Pods-Flink.release.xcconfig */ = {isa = PBXFileReference; includeInIndex = 1; lastKnownFileType = text.xcconfig; name = "Pods-Flink.release.xcconfig"; path = "Pods/Target Support Files/Pods-Flink/Pods-Flink.release.xcconfig"; sourceTree = "<group>"; };
		BF28E6F02E611931B9DC1FCF /* Pods-Flink.debug.xcconfig */ = {isa = PBXFileReference; includeInIndex = 1; lastKnownFileType = text.xcconfig; name = "Pods-Flink.debug.xcconfig"; path = "Pods/Target Support Files/Pods-Flink/Pods-Flink.debug.xcconfig"; sourceTree = "<group>"; };
		C2ED6AB2EFC9C9C4E2FB3C93 /* Pods_Flink.framework */ = {isa = PBXFileReference; explicitFileType = wrapper.framework; includeInIndex = 0; path = Pods_Flink.framework; sourceTree = BUILT_PRODUCTS_DIR; };
/* End PBXFileReference section */

/* Begin PBXFrameworksBuildPhase section */
		75424F881B654FDF00D34C6C /* Frameworks */ = {
			isa = PBXFrameworksBuildPhase;
			buildActionMask = 2147483647;
			files = (
				6EEED33EB4B2C0581789CC87 /* Pods_Flink.framework in Frameworks */,
			);
			runOnlyForDeploymentPostprocessing = 0;
		};
		75424F9D1B654FE000D34C6C /* Frameworks */ = {
			isa = PBXFrameworksBuildPhase;
			buildActionMask = 2147483647;
			files = (
			);
			runOnlyForDeploymentPostprocessing = 0;
		};
/* End PBXFrameworksBuildPhase section */

/* Begin PBXGroup section */
		0BA11E84771EEF2AF6364F11 /* Frameworks */ = {
			isa = PBXGroup;
			children = (
				C2ED6AB2EFC9C9C4E2FB3C93 /* Pods_Flink.framework */,
			);
			name = Frameworks;
			sourceTree = "<group>";
		};
		4D74C4F666E837DFEEA895F6 /* Pods */ = {
			isa = PBXGroup;
			children = (
				BF28E6F02E611931B9DC1FCF /* Pods-Flink.debug.xcconfig */,
				AB2B368507838C8F2B0AFDDD /* Pods-Flink.release.xcconfig */,
			);
			name = Pods;
			sourceTree = "<group>";
		};
		7517D7951B65714E0053C72B /* Domain */ = {
			isa = PBXGroup;
			children = (
				7517D7931B656F0E0053C72B /* User.swift */,
				4FCE83EC1B657DAF00F4C70C /* HealthData.swift */,
			);
			name = Domain;
			sourceTree = "<group>";
		};
		7517D7961B65733C0053C72B /* DAO */ = {
			isa = PBXGroup;
			children = (
				4FCE83F21B6813ED00F4C70C /* HealthDAO.swift */,
				7517D7971B6573480053C72B /* UserDAO.swift */,
			);
			name = DAO;
			sourceTree = "<group>";
		};
		75424F821B654FDF00D34C6C = {
			isa = PBXGroup;
			children = (
				75424F8D1B654FE000D34C6C /* Flink */,
				75424FA31B654FE000D34C6C /* FlinkTests */,
				75424F8C1B654FE000D34C6C /* Products */,
				4D74C4F666E837DFEEA895F6 /* Pods */,
				0BA11E84771EEF2AF6364F11 /* Frameworks */,
			);
			sourceTree = "<group>";
		};
		75424F8C1B654FE000D34C6C /* Products */ = {
			isa = PBXGroup;
			children = (
				75424F8B1B654FDF00D34C6C /* Flink.app */,
				75424FA01B654FE000D34C6C /* FlinkTests.xctest */,
			);
			name = Products;
			sourceTree = "<group>";
		};
		75424F8D1B654FE000D34C6C /* Flink */ = {
			isa = PBXGroup;
			children = (
				758684991B6550760059C418 /* View */,
				758684981B6550710059C418 /* Controller */,
				758684971B6550690059C418 /* Model */,
				75424F8E1B654FE000D34C6C /* Supporting Files */,
			);
			path = Flink;
			sourceTree = "<group>";
		};
		75424F8E1B654FE000D34C6C /* Supporting Files */ = {
			isa = PBXGroup;
			children = (
				75424F901B654FE000D34C6C /* AppDelegate.swift */,
				75424F991B654FE000D34C6C /* LaunchScreen.xib */,
				75424F971B654FE000D34C6C /* Images.xcassets */,
				75424F8F1B654FE000D34C6C /* Info.plist */,
			);
			name = "Supporting Files";
			sourceTree = "<group>";
		};
		75424FA31B654FE000D34C6C /* FlinkTests */ = {
			isa = PBXGroup;
			children = (
				75424FA61B654FE000D34C6C /* FlinkTests.swift */,
				75424FA41B654FE000D34C6C /* Supporting Files */,
			);
			path = FlinkTests;
			sourceTree = "<group>";
		};
		75424FA41B654FE000D34C6C /* Supporting Files */ = {
			isa = PBXGroup;
			children = (
				75424FA51B654FE000D34C6C /* Info.plist */,
			);
			name = "Supporting Files";
			sourceTree = "<group>";
		};
		758684971B6550690059C418 /* Model */ = {
			isa = PBXGroup;
			children = (
				7517D7961B65733C0053C72B /* DAO */,
				7517D7951B65714E0053C72B /* Domain */,
				7586849A1B65508B0059C418 /* Facade.swift */,
				4FCE83E81B65771900F4C70C /* MPCManager.swift */,
				4FCE83EA1B65772700F4C70C /* MPCManagerDelegate.swift */,
				4FCE83F01B65A7F400F4C70C /* JSONService.swift */,
			);
			name = Model;
			sourceTree = "<group>";
		};
		758684981B6550710059C418 /* Controller */ = {
			isa = PBXGroup;
			children = (
				75424F921B654FE000D34C6C /* RegistrationController.swift */,
				7586849C1B6553990059C418 /* TrainerUserController.swift */,
				754CE03A1B65CEEC00652E8F /* StudentsController.swift */,
				754CE03C1B65D69A00652E8F /* ShareController.swift */,
			);
			name = Controller;
			sourceTree = "<group>";
		};
		758684991B6550760059C418 /* View */ = {
			isa = PBXGroup;
			children = (
				75424F941B654FE000D34C6C /* Main.storyboard */,
			);
			name = View;
			sourceTree = "<group>";
		};
/* End PBXGroup section */

/* Begin PBXNativeTarget section */
		75424F8A1B654FDF00D34C6C /* Flink */ = {
			isa = PBXNativeTarget;
			buildConfigurationList = 75424FAA1B654FE000D34C6C /* Build configuration list for PBXNativeTarget "Flink" */;
			buildPhases = (
				C1FABDC68ACF6A162C400A2F /* Check Pods Manifest.lock */,
				75424F871B654FDF00D34C6C /* Sources */,
				75424F881B654FDF00D34C6C /* Frameworks */,
				75424F891B654FDF00D34C6C /* Resources */,
				F4259EA2D07AD0B6A76E2543 /* Embed Pods Frameworks */,
				EB5C3E71BEDC7A6F09DDEB8D /* Copy Pods Resources */,
			);
			buildRules = (
			);
			dependencies = (
			);
			name = Flink;
			productName = Flink;
			productReference = 75424F8B1B654FDF00D34C6C /* Flink.app */;
			productType = "com.apple.product-type.application";
		};
		75424F9F1B654FE000D34C6C /* FlinkTests */ = {
			isa = PBXNativeTarget;
			buildConfigurationList = 75424FAD1B654FE000D34C6C /* Build configuration list for PBXNativeTarget "FlinkTests" */;
			buildPhases = (
				75424F9C1B654FE000D34C6C /* Sources */,
				75424F9D1B654FE000D34C6C /* Frameworks */,
				75424F9E1B654FE000D34C6C /* Resources */,
			);
			buildRules = (
			);
			dependencies = (
				75424FA21B654FE000D34C6C /* PBXTargetDependency */,
			);
			name = FlinkTests;
			productName = FlinkTests;
			productReference = 75424FA01B654FE000D34C6C /* FlinkTests.xctest */;
			productType = "com.apple.product-type.bundle.unit-test";
		};
/* End PBXNativeTarget section */

/* Begin PBXProject section */
		75424F831B654FDF00D34C6C /* Project object */ = {
			isa = PBXProject;
			attributes = {
				LastUpgradeCheck = 0640;
				ORGANIZATIONNAME = Flink;
				TargetAttributes = {
					75424F8A1B654FDF00D34C6C = {
						CreatedOnToolsVersion = 6.4;
						DevelopmentTeam = D4QEWF5RB3;
					};
					75424F9F1B654FE000D34C6C = {
						CreatedOnToolsVersion = 6.4;
						TestTargetID = 75424F8A1B654FDF00D34C6C;
					};
				};
			};
			buildConfigurationList = 75424F861B654FDF00D34C6C /* Build configuration list for PBXProject "Flink" */;
			compatibilityVersion = "Xcode 3.2";
			developmentRegion = English;
			hasScannedForEncodings = 0;
			knownRegions = (
				en,
				Base,
			);
			mainGroup = 75424F821B654FDF00D34C6C;
			productRefGroup = 75424F8C1B654FE000D34C6C /* Products */;
			projectDirPath = "";
			projectRoot = "";
			targets = (
				75424F8A1B654FDF00D34C6C /* Flink */,
				75424F9F1B654FE000D34C6C /* FlinkTests */,
			);
		};
/* End PBXProject section */

/* Begin PBXResourcesBuildPhase section */
		75424F891B654FDF00D34C6C /* Resources */ = {
			isa = PBXResourcesBuildPhase;
			buildActionMask = 2147483647;
			files = (
				75424F961B654FE000D34C6C /* Main.storyboard in Resources */,
				75424F9B1B654FE000D34C6C /* LaunchScreen.xib in Resources */,
				75424F981B654FE000D34C6C /* Images.xcassets in Resources */,
			);
			runOnlyForDeploymentPostprocessing = 0;
		};
		75424F9E1B654FE000D34C6C /* Resources */ = {
			isa = PBXResourcesBuildPhase;
			buildActionMask = 2147483647;
			files = (
			);
			runOnlyForDeploymentPostprocessing = 0;
		};
/* End PBXResourcesBuildPhase section */

/* Begin PBXShellScriptBuildPhase section */
		C1FABDC68ACF6A162C400A2F /* Check Pods Manifest.lock */ = {
			isa = PBXShellScriptBuildPhase;
			buildActionMask = 2147483647;
			files = (
			);
			inputPaths = (
			);
			name = "Check Pods Manifest.lock";
			outputPaths = (
			);
			runOnlyForDeploymentPostprocessing = 0;
			shellPath = /bin/sh;
			shellScript = "diff \"${PODS_ROOT}/../Podfile.lock\" \"${PODS_ROOT}/Manifest.lock\" > /dev/null\nif [[ $? != 0 ]] ; then\n    cat << EOM\nerror: The sandbox is not in sync with the Podfile.lock. Run 'pod install' or update your CocoaPods installation.\nEOM\n    exit 1\nfi\n";
			showEnvVarsInLog = 0;
		};
		EB5C3E71BEDC7A6F09DDEB8D /* Copy Pods Resources */ = {
			isa = PBXShellScriptBuildPhase;
			buildActionMask = 2147483647;
			files = (
			);
			inputPaths = (
			);
			name = "Copy Pods Resources";
			outputPaths = (
			);
			runOnlyForDeploymentPostprocessing = 0;
			shellPath = /bin/sh;
			shellScript = "\"${SRCROOT}/Pods/Target Support Files/Pods-Flink/Pods-Flink-resources.sh\"\n";
			showEnvVarsInLog = 0;
		};
		F4259EA2D07AD0B6A76E2543 /* Embed Pods Frameworks */ = {
			isa = PBXShellScriptBuildPhase;
			buildActionMask = 2147483647;
			files = (
			);
			inputPaths = (
			);
			name = "Embed Pods Frameworks";
			outputPaths = (
			);
			runOnlyForDeploymentPostprocessing = 0;
			shellPath = /bin/sh;
			shellScript = "\"${SRCROOT}/Pods/Target Support Files/Pods-Flink/Pods-Flink-frameworks.sh\"\n";
			showEnvVarsInLog = 0;
		};
/* End PBXShellScriptBuildPhase section */

/* Begin PBXSourcesBuildPhase section */
		75424F871B654FDF00D34C6C /* Sources */ = {
			isa = PBXSourcesBuildPhase;
			buildActionMask = 2147483647;
			files = (
				4FCE83F31B6813ED00F4C70C /* HealthDAO.swift in Sources */,
				7586849B1B65508B0059C418 /* Facade.swift in Sources */,
				4FCE83F11B65A7F400F4C70C /* JSONService.swift in Sources */,
				4FCE83EB1B65772700F4C70C /* MPCManagerDelegate.swift in Sources */,
				754CE03D1B65D69A00652E8F /* ShareController.swift in Sources */,
				7517D7981B6573480053C72B /* UserDAO.swift in Sources */,
				754CE03B1B65CEEC00652E8F /* StudentsController.swift in Sources */,
				4FCE83ED1B657DAF00F4C70C /* HealthData.swift in Sources */,
				75424F931B654FE000D34C6C /* RegistrationController.swift in Sources */,
				7586849D1B6553990059C418 /* TrainerUserController.swift in Sources */,
				4FCE83E91B65771900F4C70C /* MPCManager.swift in Sources */,
				7517D7941B656F0E0053C72B /* User.swift in Sources */,
				75424F911B654FE000D34C6C /* AppDelegate.swift in Sources */,
			);
			runOnlyForDeploymentPostprocessing = 0;
		};
		75424F9C1B654FE000D34C6C /* Sources */ = {
			isa = PBXSourcesBuildPhase;
			buildActionMask = 2147483647;
			files = (
				75424FA71B654FE000D34C6C /* FlinkTests.swift in Sources */,
			);
			runOnlyForDeploymentPostprocessing = 0;
		};
/* End PBXSourcesBuildPhase section */

/* Begin PBXTargetDependency section */
		75424FA21B654FE000D34C6C /* PBXTargetDependency */ = {
			isa = PBXTargetDependency;
			target = 75424F8A1B654FDF00D34C6C /* Flink */;
			targetProxy = 75424FA11B654FE000D34C6C /* PBXContainerItemProxy */;
		};
/* End PBXTargetDependency section */

/* Begin PBXVariantGroup section */
		75424F941B654FE000D34C6C /* Main.storyboard */ = {
			isa = PBXVariantGroup;
			children = (
				75424F951B654FE000D34C6C /* Base */,
			);
			name = Main.storyboard;
			sourceTree = "<group>";
		};
		75424F991B654FE000D34C6C /* LaunchScreen.xib */ = {
			isa = PBXVariantGroup;
			children = (
				75424F9A1B654FE000D34C6C /* Base */,
			);
			name = LaunchScreen.xib;
			sourceTree = "<group>";
		};
/* End PBXVariantGroup section */

/* Begin XCBuildConfiguration section */
		75424FA81B654FE000D34C6C /* Debug */ = {
			isa = XCBuildConfiguration;
			buildSettings = {
				ALWAYS_SEARCH_USER_PATHS = NO;
				CLANG_CXX_LANGUAGE_STANDARD = "gnu++0x";
				CLANG_CXX_LIBRARY = "libc++";
				CLANG_ENABLE_MODULES = YES;
				CLANG_ENABLE_OBJC_ARC = YES;
				CLANG_WARN_BOOL_CONVERSION = YES;
				CLANG_WARN_CONSTANT_CONVERSION = YES;
				CLANG_WARN_DIRECT_OBJC_ISA_USAGE = YES_ERROR;
				CLANG_WARN_EMPTY_BODY = YES;
				CLANG_WARN_ENUM_CONVERSION = YES;
				CLANG_WARN_INT_CONVERSION = YES;
				CLANG_WARN_OBJC_ROOT_CLASS = YES_ERROR;
				CLANG_WARN_UNREACHABLE_CODE = YES;
				CLANG_WARN__DUPLICATE_METHOD_MATCH = YES;
				"CODE_SIGN_IDENTITY[sdk=iphoneos*]" = "iPhone Developer";
				COPY_PHASE_STRIP = NO;
				DEBUG_INFORMATION_FORMAT = "dwarf-with-dsym";
				ENABLE_STRICT_OBJC_MSGSEND = YES;
				GCC_C_LANGUAGE_STANDARD = gnu99;
				GCC_DYNAMIC_NO_PIC = NO;
				GCC_NO_COMMON_BLOCKS = YES;
				GCC_OPTIMIZATION_LEVEL = 0;
				GCC_PREPROCESSOR_DEFINITIONS = (
					"DEBUG=1",
					"$(inherited)",
				);
				GCC_SYMBOLS_PRIVATE_EXTERN = NO;
				GCC_WARN_64_TO_32_BIT_CONVERSION = YES;
				GCC_WARN_ABOUT_RETURN_TYPE = YES_ERROR;
				GCC_WARN_UNDECLARED_SELECTOR = YES;
				GCC_WARN_UNINITIALIZED_AUTOS = YES_AGGRESSIVE;
				GCC_WARN_UNUSED_FUNCTION = YES;
				GCC_WARN_UNUSED_VARIABLE = YES;
				IPHONEOS_DEPLOYMENT_TARGET = 8.4;
				MTL_ENABLE_DEBUG_INFO = YES;
				ONLY_ACTIVE_ARCH = YES;
				SDKROOT = iphoneos;
				SWIFT_OPTIMIZATION_LEVEL = "-Onone";
			};
			name = Debug;
		};
		75424FA91B654FE000D34C6C /* Release */ = {
			isa = XCBuildConfiguration;
			buildSettings = {
				ALWAYS_SEARCH_USER_PATHS = NO;
				CLANG_CXX_LANGUAGE_STANDARD = "gnu++0x";
				CLANG_CXX_LIBRARY = "libc++";
				CLANG_ENABLE_MODULES = YES;
				CLANG_ENABLE_OBJC_ARC = YES;
				CLANG_WARN_BOOL_CONVERSION = YES;
				CLANG_WARN_CONSTANT_CONVERSION = YES;
				CLANG_WARN_DIRECT_OBJC_ISA_USAGE = YES_ERROR;
				CLANG_WARN_EMPTY_BODY = YES;
				CLANG_WARN_ENUM_CONVERSION = YES;
				CLANG_WARN_INT_CONVERSION = YES;
				CLANG_WARN_OBJC_ROOT_CLASS = YES_ERROR;
				CLANG_WARN_UNREACHABLE_CODE = YES;
				CLANG_WARN__DUPLICATE_METHOD_MATCH = YES;
				"CODE_SIGN_IDENTITY[sdk=iphoneos*]" = "iPhone Developer";
				COPY_PHASE_STRIP = NO;
				DEBUG_INFORMATION_FORMAT = "dwarf-with-dsym";
				ENABLE_NS_ASSERTIONS = NO;
				ENABLE_STRICT_OBJC_MSGSEND = YES;
				GCC_C_LANGUAGE_STANDARD = gnu99;
				GCC_NO_COMMON_BLOCKS = YES;
				GCC_WARN_64_TO_32_BIT_CONVERSION = YES;
				GCC_WARN_ABOUT_RETURN_TYPE = YES_ERROR;
				GCC_WARN_UNDECLARED_SELECTOR = YES;
				GCC_WARN_UNINITIALIZED_AUTOS = YES_AGGRESSIVE;
				GCC_WARN_UNUSED_FUNCTION = YES;
				GCC_WARN_UNUSED_VARIABLE = YES;
				IPHONEOS_DEPLOYMENT_TARGET = 8.4;
				MTL_ENABLE_DEBUG_INFO = NO;
				SDKROOT = iphoneos;
				VALIDATE_PRODUCT = YES;
			};
			name = Release;
		};
		75424FAB1B654FE000D34C6C /* Debug */ = {
			isa = XCBuildConfiguration;
			baseConfigurationReference = BF28E6F02E611931B9DC1FCF /* Pods-Flink.debug.xcconfig */;
			buildSettings = {
				ASSETCATALOG_COMPILER_APPICON_NAME = AppIcon;
				CODE_SIGN_IDENTITY = "iPhone Developer";
				"CODE_SIGN_IDENTITY[sdk=iphoneos*]" = "iPhone Developer";
				INFOPLIST_FILE = Flink/Info.plist;
				LD_RUNPATH_SEARCH_PATHS = "$(inherited) @executable_path/Frameworks";
				PRODUCT_NAME = "$(TARGET_NAME)";
				PROVISIONING_PROFILE = "";
			};
			name = Debug;
		};
		75424FAC1B654FE000D34C6C /* Release */ = {
			isa = XCBuildConfiguration;
			baseConfigurationReference = AB2B368507838C8F2B0AFDDD /* Pods-Flink.release.xcconfig */;
			buildSettings = {
				ASSETCATALOG_COMPILER_APPICON_NAME = AppIcon;
				CODE_SIGN_IDENTITY = "iPhone Developer";
				"CODE_SIGN_IDENTITY[sdk=iphoneos*]" = "iPhone Developer";
				INFOPLIST_FILE = Flink/Info.plist;
				LD_RUNPATH_SEARCH_PATHS = "$(inherited) @executable_path/Frameworks";
				PRODUCT_NAME = "$(TARGET_NAME)";
				PROVISIONING_PROFILE = "";
			};
			name = Release;
		};
		75424FAE1B654FE000D34C6C /* Debug */ = {
			isa = XCBuildConfiguration;
			buildSettings = {
				BUNDLE_LOADER = "$(TEST_HOST)";
				FRAMEWORK_SEARCH_PATHS = (
					"$(SDKROOT)/Developer/Library/Frameworks",
					"$(inherited)",
				);
				GCC_PREPROCESSOR_DEFINITIONS = (
					"DEBUG=1",
					"$(inherited)",
				);
				INFOPLIST_FILE = FlinkTests/Info.plist;
				LD_RUNPATH_SEARCH_PATHS = "$(inherited) @executable_path/Frameworks @loader_path/Frameworks";
				PRODUCT_NAME = "$(TARGET_NAME)";
				TEST_HOST = "$(BUILT_PRODUCTS_DIR)/Flink.app/Flink";
			};
			name = Debug;
		};
		75424FAF1B654FE000D34C6C /* Release */ = {
			isa = XCBuildConfiguration;
			buildSettings = {
				BUNDLE_LOADER = "$(TEST_HOST)";
				FRAMEWORK_SEARCH_PATHS = (
					"$(SDKROOT)/Developer/Library/Frameworks",
					"$(inherited)",
				);
				INFOPLIST_FILE = FlinkTests/Info.plist;
				LD_RUNPATH_SEARCH_PATHS = "$(inherited) @executable_path/Frameworks @loader_path/Frameworks";
				PRODUCT_NAME = "$(TARGET_NAME)";
				TEST_HOST = "$(BUILT_PRODUCTS_DIR)/Flink.app/Flink";
			};
			name = Release;
		};
/* End XCBuildConfiguration section */

/* Begin XCConfigurationList section */
		75424F861B654FDF00D34C6C /* Build configuration list for PBXProject "Flink" */ = {
			isa = XCConfigurationList;
			buildConfigurations = (
				75424FA81B654FE000D34C6C /* Debug */,
				75424FA91B654FE000D34C6C /* Release */,
			);
			defaultConfigurationIsVisible = 0;
			defaultConfigurationName = Release;
		};
		75424FAA1B654FE000D34C6C /* Build configuration list for PBXNativeTarget "Flink" */ = {
			isa = XCConfigurationList;
			buildConfigurations = (
				75424FAB1B654FE000D34C6C /* Debug */,
				75424FAC1B654FE000D34C6C /* Release */,
			);
			defaultConfigurationIsVisible = 0;
			defaultConfigurationName = Release;
		};
		75424FAD1B654FE000D34C6C /* Build configuration list for PBXNativeTarget "FlinkTests" */ = {
			isa = XCConfigurationList;
			buildConfigurations = (
				75424FAE1B654FE000D34C6C /* Debug */,
				75424FAF1B654FE000D34C6C /* Release */,
			);
			defaultConfigurationIsVisible = 0;
			defaultConfigurationName = Release;
		};
/* End XCConfigurationList section */
	};
	rootObject = 75424F831B654FDF00D34C6C /* Project object */;
}
